// !$*UTF8*$!
{
	archiveVersion = 1;
	classes = {
	};
	objectVersion = 55;
	objects = {

/* Begin PBXBuildFile section */
		4350E3E627B569B500520233 /* ScriptLib in Frameworks */ = {isa = PBXBuildFile; productRef = 4350E3E527B569B500520233 /* ScriptLib */; };
		4350E3EA27B56D3C00520233 /* AppDocument.swift in Sources */ = {isa = PBXBuildFile; fileRef = 4350E3E927B56D3C00520233 /* AppDocument.swift */; };
		4350E3EC27B57FD000520233 /* AppDocument+Scripting.swift in Sources */ = {isa = PBXBuildFile; fileRef = 4350E3EB27B57FD000520233 /* AppDocument+Scripting.swift */; };
		43A8E80327B565DD00D5CC2A /* AppDelegate.swift in Sources */ = {isa = PBXBuildFile; fileRef = 43A8E80227B565DD00D5CC2A /* AppDelegate.swift */; };
		43A8E80527B565DD00D5CC2A /* ViewController.swift in Sources */ = {isa = PBXBuildFile; fileRef = 43A8E80427B565DD00D5CC2A /* ViewController.swift */; };
		43A8E80927B565DE00D5CC2A /* Assets.xcassets in Resources */ = {isa = PBXBuildFile; fileRef = 43A8E80827B565DE00D5CC2A /* Assets.xcassets */; };
		43A8E80C27B565DE00D5CC2A /* Main.storyboard in Resources */ = {isa = PBXBuildFile; fileRef = 43A8E80A27B565DE00D5CC2A /* Main.storyboard */; };
		43AB8F5127B5686F00784154 /* AppScriptContext.swift in Sources */ = {isa = PBXBuildFile; fileRef = 43AB8F5027B5686F00784154 /* AppScriptContext.swift */; };
/* End PBXBuildFile section */

/* Begin PBXFileReference section */
		4350E3E927B56D3C00520233 /* AppDocument.swift */ = {isa = PBXFileReference; lastKnownFileType = sourcecode.swift; path = AppDocument.swift; sourceTree = "<group>"; };
		4350E3EB27B57FD000520233 /* AppDocument+Scripting.swift */ = {isa = PBXFileReference; lastKnownFileType = sourcecode.swift; path = "AppDocument+Scripting.swift"; sourceTree = "<group>"; };
		43A8E7FF27B565DD00D5CC2A /* Scriptable.app */ = {isa = PBXFileReference; explicitFileType = wrapper.application; includeInIndex = 0; path = Scriptable.app; sourceTree = BUILT_PRODUCTS_DIR; };
		43A8E80227B565DD00D5CC2A /* AppDelegate.swift */ = {isa = PBXFileReference; lastKnownFileType = sourcecode.swift; path = AppDelegate.swift; sourceTree = "<group>"; };
		43A8E80427B565DD00D5CC2A /* ViewController.swift */ = {isa = PBXFileReference; lastKnownFileType = sourcecode.swift; path = ViewController.swift; sourceTree = "<group>"; };
		43A8E80827B565DE00D5CC2A /* Assets.xcassets */ = {isa = PBXFileReference; lastKnownFileType = folder.assetcatalog; path = Assets.xcassets; sourceTree = "<group>"; };
		43A8E80B27B565DE00D5CC2A /* Base */ = {isa = PBXFileReference; lastKnownFileType = file.storyboard; name = Base; path = Base.lproj/Main.storyboard; sourceTree = "<group>"; };
		43A8E80D27B565DE00D5CC2A /* Info.plist */ = {isa = PBXFileReference; lastKnownFileType = text.plist.xml; path = Info.plist; sourceTree = "<group>"; };
		43A8E80E27B565DE00D5CC2A /* Scriptable.entitlements */ = {isa = PBXFileReference; lastKnownFileType = text.plist.entitlements; path = Scriptable.entitlements; sourceTree = "<group>"; };
		43A8E81527B5662300D5CC2A /* ScriptLib */ = {isa = PBXFileReference; lastKnownFileType = wrapper; name = ScriptLib; path = ../..; sourceTree = "<group>"; };
		43AB8F5027B5686F00784154 /* AppScriptContext.swift */ = {isa = PBXFileReference; lastKnownFileType = sourcecode.swift; path = AppScriptContext.swift; sourceTree = "<group>"; };
/* End PBXFileReference section */

/* Begin PBXFrameworksBuildPhase section */
		43A8E7FC27B565DD00D5CC2A /* Frameworks */ = {
			isa = PBXFrameworksBuildPhase;
			buildActionMask = 2147483647;
			files = (
				4350E3E627B569B500520233 /* ScriptLib in Frameworks */,
			);
			runOnlyForDeploymentPostprocessing = 0;
		};
/* End PBXFrameworksBuildPhase section */

/* Begin PBXGroup section */
		4350E3E427B569B500520233 /* Frameworks */ = {
			isa = PBXGroup;
			children = (
			);
			name = Frameworks;
			sourceTree = "<group>";
		};
		43A8E7F627B565DD00D5CC2A = {
			isa = PBXGroup;
			children = (
				43A8E80127B565DD00D5CC2A /* Scriptable */,
				43A8E81427B5662300D5CC2A /* Packages */,
				43A8E80027B565DD00D5CC2A /* Products */,
				4350E3E427B569B500520233 /* Frameworks */,
			);
			sourceTree = "<group>";
		};
		43A8E80027B565DD00D5CC2A /* Products */ = {
			isa = PBXGroup;
			children = (
				43A8E7FF27B565DD00D5CC2A /* Scriptable.app */,
			);
			name = Products;
			sourceTree = "<group>";
		};
		43A8E80127B565DD00D5CC2A /* Scriptable */ = {
			isa = PBXGroup;
			children = (
				43A8E80227B565DD00D5CC2A /* AppDelegate.swift */,
				4350E3E927B56D3C00520233 /* AppDocument.swift */,
				4350E3EB27B57FD000520233 /* AppDocument+Scripting.swift */,
				43AB8F5027B5686F00784154 /* AppScriptContext.swift */,
				43A8E80427B565DD00D5CC2A /* ViewController.swift */,
				43A8E80827B565DE00D5CC2A /* Assets.xcassets */,
				43A8E80A27B565DE00D5CC2A /* Main.storyboard */,
				43A8E80D27B565DE00D5CC2A /* Info.plist */,
				43A8E80E27B565DE00D5CC2A /* Scriptable.entitlements */,
			);
			path = Scriptable;
			sourceTree = "<group>";
		};
		43A8E81427B5662300D5CC2A /* Packages */ = {
			isa = PBXGroup;
			children = (
				43A8E81527B5662300D5CC2A /* ScriptLib */,
			);
			name = Packages;
			sourceTree = "<group>";
		};
/* End PBXGroup section */

/* Begin PBXNativeTarget section */
		43A8E7FE27B565DD00D5CC2A /* Scriptable */ = {
			isa = PBXNativeTarget;
			buildConfigurationList = 43A8E81127B565DE00D5CC2A /* Build configuration list for PBXNativeTarget "Scriptable" */;
			buildPhases = (
				43A8E7FB27B565DD00D5CC2A /* Sources */,
				43A8E7FC27B565DD00D5CC2A /* Frameworks */,
				43A8E7FD27B565DD00D5CC2A /* Resources */,
			);
			buildRules = (
			);
			dependencies = (
				4350E3EE27B590D700520233 /* PBXTargetDependency */,
			);
			name = Scriptable;
			packageProductDependencies = (
				4350E3E527B569B500520233 /* ScriptLib */,
			);
			productName = Scriptable;
			productReference = 43A8E7FF27B565DD00D5CC2A /* Scriptable.app */;
			productType = "com.apple.product-type.application";
		};
/* End PBXNativeTarget section */

/* Begin PBXProject section */
		43A8E7F727B565DD00D5CC2A /* Project object */ = {
			isa = PBXProject;
			attributes = {
				BuildIndependentTargetsInParallel = 1;
				LastSwiftUpdateCheck = 1320;
				LastUpgradeCheck = 1320;
				TargetAttributes = {
					43A8E7FE27B565DD00D5CC2A = {
						CreatedOnToolsVersion = 13.2.1;
					};
				};
			};
			buildConfigurationList = 43A8E7FA27B565DD00D5CC2A /* Build configuration list for PBXProject "Scriptable" */;
			compatibilityVersion = "Xcode 13.0";
			developmentRegion = en;
			hasScannedForEncodings = 0;
			knownRegions = (
				en,
				Base,
			);
			mainGroup = 43A8E7F627B565DD00D5CC2A;
			productRefGroup = 43A8E80027B565DD00D5CC2A /* Products */;
			projectDirPath = "";
			projectRoot = "";
			targets = (
				43A8E7FE27B565DD00D5CC2A /* Scriptable */,
			);
		};
/* End PBXProject section */

/* Begin PBXResourcesBuildPhase section */
		43A8E7FD27B565DD00D5CC2A /* Resources */ = {
			isa = PBXResourcesBuildPhase;
			buildActionMask = 2147483647;
			files = (
				43A8E80927B565DE00D5CC2A /* Assets.xcassets in Resources */,
				43A8E80C27B565DE00D5CC2A /* Main.storyboard in Resources */,
			);
			runOnlyForDeploymentPostprocessing = 0;
		};
/* End PBXResourcesBuildPhase section */

/* Begin PBXSourcesBuildPhase section */
		43A8E7FB27B565DD00D5CC2A /* Sources */ = {
			isa = PBXSourcesBuildPhase;
			buildActionMask = 2147483647;
			files = (
				4350E3EA27B56D3C00520233 /* AppDocument.swift in Sources */,
				43A8E80527B565DD00D5CC2A /* ViewController.swift in Sources */,
				4350E3EC27B57FD000520233 /* AppDocument+Scripting.swift in Sources */,
				43A8E80327B565DD00D5CC2A /* AppDelegate.swift in Sources */,
				43AB8F5127B5686F00784154 /* AppScriptContext.swift in Sources */,
			);
			runOnlyForDeploymentPostprocessing = 0;
		};
/* End PBXSourcesBuildPhase section */

/* Begin PBXTargetDependency section */
		4350E3EE27B590D700520233 /* PBXTargetDependency */ = {
			isa = PBXTargetDependency;
			productRef = 4350E3ED27B590D700520233 /* ScriptLib */;
		};
/* End PBXTargetDependency section */

/* Begin PBXVariantGroup section */
		43A8E80A27B565DE00D5CC2A /* Main.storyboard */ = {
			isa = PBXVariantGroup;
			children = (
				43A8E80B27B565DE00D5CC2A /* Base */,
			);
			name = Main.storyboard;
			sourceTree = "<group>";
		};
/* End PBXVariantGroup section */

/* Begin XCBuildConfiguration section */
		43A8E80F27B565DE00D5CC2A /* Debug */ = {
			isa = XCBuildConfiguration;
			buildSettings = {
				ALWAYS_SEARCH_USER_PATHS = NO;
				CLANG_ANALYZER_NONNULL = YES;
				CLANG_ANALYZER_NUMBER_OBJECT_CONVERSION = YES_AGGRESSIVE;
				CLANG_CXX_LANGUAGE_STANDARD = "gnu++17";
				CLANG_CXX_LIBRARY = "libc++";
				CLANG_ENABLE_MODULES = YES;
				CLANG_ENABLE_OBJC_ARC = YES;
				CLANG_ENABLE_OBJC_WEAK = YES;
				CLANG_WARN_BLOCK_CAPTURE_AUTORELEASING = YES;
				CLANG_WARN_BOOL_CONVERSION = YES;
				CLANG_WARN_COMMA = YES;
				CLANG_WARN_CONSTANT_CONVERSION = YES;
				CLANG_WARN_DEPRECATED_OBJC_IMPLEMENTATIONS = YES;
				CLANG_WARN_DIRECT_OBJC_ISA_USAGE = YES_ERROR;
				CLANG_WARN_DOCUMENTATION_COMMENTS = YES;
				CLANG_WARN_EMPTY_BODY = YES;
				CLANG_WARN_ENUM_CONVERSION = YES;
				CLANG_WARN_INFINITE_RECURSION = YES;
				CLANG_WARN_INT_CONVERSION = YES;
				CLANG_WARN_NON_LITERAL_NULL_CONVERSION = YES;
				CLANG_WARN_OBJC_IMPLICIT_RETAIN_SELF = YES;
				CLANG_WARN_OBJC_LITERAL_CONVERSION = YES;
				CLANG_WARN_OBJC_ROOT_CLASS = YES_ERROR;
				CLANG_WARN_QUOTED_INCLUDE_IN_FRAMEWORK_HEADER = YES;
				CLANG_WARN_RANGE_LOOP_ANALYSIS = YES;
				CLANG_WARN_STRICT_PROTOTYPES = YES;
				CLANG_WARN_SUSPICIOUS_MOVE = YES;
				CLANG_WARN_UNGUARDED_AVAILABILITY = YES_AGGRESSIVE;
				CLANG_WARN_UNREACHABLE_CODE = YES;
				CLANG_WARN__DUPLICATE_METHOD_MATCH = YES;
				COPY_PHASE_STRIP = NO;
				DEBUG_INFORMATION_FORMAT = dwarf;
				ENABLE_STRICT_OBJC_MSGSEND = YES;
				ENABLE_TESTABILITY = YES;
				GCC_C_LANGUAGE_STANDARD = gnu11;
				GCC_DYNAMIC_NO_PIC = NO;
				GCC_NO_COMMON_BLOCKS = YES;
				GCC_OPTIMIZATION_LEVEL = 0;
				GCC_PREPROCESSOR_DEFINITIONS = (
					"DEBUG=1",
					"$(inherited)",
				);
				GCC_WARN_64_TO_32_BIT_CONVERSION = YES;
				GCC_WARN_ABOUT_RETURN_TYPE = YES_ERROR;
				GCC_WARN_UNDECLARED_SELECTOR = YES;
				GCC_WARN_UNINITIALIZED_AUTOS = YES_AGGRESSIVE;
				GCC_WARN_UNUSED_FUNCTION = YES;
				GCC_WARN_UNUSED_VARIABLE = YES;
				MACOSX_DEPLOYMENT_TARGET = 12.1;
				MTL_ENABLE_DEBUG_INFO = INCLUDE_SOURCE;
				MTL_FAST_MATH = YES;
				ONLY_ACTIVE_ARCH = YES;
				SDKROOT = macosx;
				SWIFT_ACTIVE_COMPILATION_CONDITIONS = DEBUG;
				SWIFT_OPTIMIZATION_LEVEL = "-Onone";
			};
			name = Debug;
		};
		43A8E81027B565DE00D5CC2A /* Release */ = {
			isa = XCBuildConfiguration;
			buildSettings = {
				ALWAYS_SEARCH_USER_PATHS = NO;
				CLANG_ANALYZER_NONNULL = YES;
				CLANG_ANALYZER_NUMBER_OBJECT_CONVERSION = YES_AGGRESSIVE;
				CLANG_CXX_LANGUAGE_STANDARD = "gnu++17";
				CLANG_CXX_LIBRARY = "libc++";
				CLANG_ENABLE_MODULES = YES;
				CLANG_ENABLE_OBJC_ARC = YES;
				CLANG_ENABLE_OBJC_WEAK = YES;
				CLANG_WARN_BLOCK_CAPTURE_AUTORELEASING = YES;
				CLANG_WARN_BOOL_CONVERSION = YES;
				CLANG_WARN_COMMA = YES;
				CLANG_WARN_CONSTANT_CONVERSION = YES;
				CLANG_WARN_DEPRECATED_OBJC_IMPLEMENTATIONS = YES;
				CLANG_WARN_DIRECT_OBJC_ISA_USAGE = YES_ERROR;
				CLANG_WARN_DOCUMENTATION_COMMENTS = YES;
				CLANG_WARN_EMPTY_BODY = YES;
				CLANG_WARN_ENUM_CONVERSION = YES;
				CLANG_WARN_INFINITE_RECURSION = YES;
				CLANG_WARN_INT_CONVERSION = YES;
				CLANG_WARN_NON_LITERAL_NULL_CONVERSION = YES;
				CLANG_WARN_OBJC_IMPLICIT_RETAIN_SELF = YES;
				CLANG_WARN_OBJC_LITERAL_CONVERSION = YES;
				CLANG_WARN_OBJC_ROOT_CLASS = YES_ERROR;
				CLANG_WARN_QUOTED_INCLUDE_IN_FRAMEWORK_HEADER = YES;
				CLANG_WARN_RANGE_LOOP_ANALYSIS = YES;
				CLANG_WARN_STRICT_PROTOTYPES = YES;
				CLANG_WARN_SUSPICIOUS_MOVE = YES;
				CLANG_WARN_UNGUARDED_AVAILABILITY = YES_AGGRESSIVE;
				CLANG_WARN_UNREACHABLE_CODE = YES;
				CLANG_WARN__DUPLICATE_METHOD_MATCH = YES;
				COPY_PHASE_STRIP = NO;
				DEBUG_INFORMATION_FORMAT = "dwarf-with-dsym";
				ENABLE_NS_ASSERTIONS = NO;
				ENABLE_STRICT_OBJC_MSGSEND = YES;
				GCC_C_LANGUAGE_STANDARD = gnu11;
				GCC_NO_COMMON_BLOCKS = YES;
				GCC_WARN_64_TO_32_BIT_CONVERSION = YES;
				GCC_WARN_ABOUT_RETURN_TYPE = YES_ERROR;
				GCC_WARN_UNDECLARED_SELECTOR = YES;
				GCC_WARN_UNINITIALIZED_AUTOS = YES_AGGRESSIVE;
				GCC_WARN_UNUSED_FUNCTION = YES;
				GCC_WARN_UNUSED_VARIABLE = YES;
				MACOSX_DEPLOYMENT_TARGET = 12.1;
				MTL_ENABLE_DEBUG_INFO = NO;
				MTL_FAST_MATH = YES;
				SDKROOT = macosx;
				SWIFT_COMPILATION_MODE = wholemodule;
				SWIFT_OPTIMIZATION_LEVEL = "-O";
			};
			name = Release;
		};
		43A8E81227B565DE00D5CC2A /* Debug */ = {
			isa = XCBuildConfiguration;
			buildSettings = {
				ASSETCATALOG_COMPILER_APPICON_NAME = AppIcon;
				ASSETCATALOG_COMPILER_GLOBAL_ACCENT_COLOR_NAME = AccentColor;
				CODE_SIGN_ENTITLEMENTS = Scriptable/Scriptable.entitlements;
				CODE_SIGN_STYLE = Automatic;
				COMBINE_HIDPI_IMAGES = YES;
				CURRENT_PROJECT_VERSION = 1;
				DEVELOPMENT_TEAM = 64A5CLJP5W;
				ENABLE_HARDENED_RUNTIME = YES;
				GENERATE_INFOPLIST_FILE = YES;
				INFOPLIST_FILE = Scriptable/Info.plist;
				INFOPLIST_KEY_NSHumanReadableCopyright = "";
				INFOPLIST_KEY_NSMainStoryboardFile = Main;
				INFOPLIST_KEY_NSPrincipalClass = NSApplication;
				LD_RUNPATH_SEARCH_PATHS = (
					"$(inherited)",
					"@executable_path/../Frameworks",
				);
				MARKETING_VERSION = 1.0;
				PRODUCT_BUNDLE_IDENTIFIER = com.hogbaysoftware.Scriptable;
				PRODUCT_NAME = "$(TARGET_NAME)";
				SWIFT_EMIT_LOC_STRINGS = YES;
				SWIFT_VERSION = 5.0;
			};
			name = Debug;
		};
		43A8E81327B565DE00D5CC2A /* Release */ = {
			isa = XCBuildConfiguration;
			buildSettings = {
				ASSETCATALOG_COMPILER_APPICON_NAME = AppIcon;
				ASSETCATALOG_COMPILER_GLOBAL_ACCENT_COLOR_NAME = AccentColor;
				CODE_SIGN_ENTITLEMENTS = Scriptable/Scriptable.entitlements;
				CODE_SIGN_STYLE = Automatic;
				COMBINE_HIDPI_IMAGES = YES;
				CURRENT_PROJECT_VERSION = 1;
				DEVELOPMENT_TEAM = 64A5CLJP5W;
				ENABLE_HARDENED_RUNTIME = YES;
				GENERATE_INFOPLIST_FILE = YES;
				INFOPLIST_FILE = Scriptable/Info.plist;
				INFOPLIST_KEY_NSHumanReadableCopyright = "";
				INFOPLIST_KEY_NSMainStoryboardFile = Main;
				INFOPLIST_KEY_NSPrincipalClass = NSApplication;
				LD_RUNPATH_SEARCH_PATHS = (
					"$(inherited)",
					"@executable_path/../Frameworks",
				);
				MARKETING_VERSION = 1.0;
				PRODUCT_BUNDLE_IDENTIFIER = com.hogbaysoftware.Scriptable;
				PRODUCT_NAME = "$(TARGET_NAME)";
				SWIFT_EMIT_LOC_STRINGS = YES;
				SWIFT_VERSION = 5.0;
			};
			name = Release;
		};
/* End XCBuildConfiguration section */

/* Begin XCConfigurationList section */
		43A8E7FA27B565DD00D5CC2A /* Build configuration list for PBXProject "Scriptable" */ = {
			isa = XCConfigurationList;
			buildConfigurations = (
				43A8E80F27B565DE00D5CC2A /* Debug */,
				43A8E81027B565DE00D5CC2A /* Release */,
			);
			defaultConfigurationIsVisible = 0;
			defaultConfigurationName = Release;
		};
		43A8E81127B565DE00D5CC2A /* Build configuration list for PBXNativeTarget "Scriptable" */ = {
			isa = XCConfigurationList;
			buildConfigurations = (
				43A8E81227B565DE00D5CC2A /* Debug */,
				43A8E81327B565DE00D5CC2A /* Release */,
			);
			defaultConfigurationIsVisible = 0;
			defaultConfigurationName = Release;
		};
/* End XCConfigurationList section */

/* Begin XCSwiftPackageProductDependency section */
		4350E3E527B569B500520233 /* ScriptLib */ = {
			isa = XCSwiftPackageProductDependency;
			productName = ScriptLib;
		};
		4350E3ED27B590D700520233 /* ScriptLib */ = {
			isa = XCSwiftPackageProductDependency;
			productName = ScriptLib;
		};
/* End XCSwiftPackageProductDependency section */
	};
	rootObject = 43A8E7F727B565DD00D5CC2A /* Project object */;
}
